
Microsoft Visual Studio Solution File, Format Version 12.00
# Visual Studio Version 16
VisualStudioVersion = 16.0.30320.27
MinimumVisualStudioVersion = 10.0.40219.1
Project("{FAE04EC0-301F-11D3-BF4B-00C04F79EFBC}") = "Presentaion Layer - winforms (UI)", "Presentaion Layer - winforms (UI)\Presentaion Layer - winforms (UI).csproj", "{36D2338F-FB78-43A9-83E5-C71D59B3E819}"
EndProject
Global
	GlobalSection(SolutionConfigurationPlatforms) = preSolution
		Debug|Any CPU = Debug|Any CPU
		Release|Any CPU = Release|Any CPU
	EndGlobalSection
	GlobalSection(ProjectConfigurationPlatforms) = postSolution
		{36D2338F-FB78-43A9-83E5-C71D59B3E819}.Debug|Any CPU.ActiveCfg = Debug|Any CPU
		{36D2338F-FB78-43A9-83E5-C71D59B3E819}.Debug|Any CPU.Build.0 = Debug|Any CPU
		{36D2338F-FB78-43A9-83E5-C71D59B3E819}.Release|Any CPU.ActiveCfg = Release|Any CPU
		{36D2338F-FB78-43A9-83E5-C71D59B3E819}.Release|Any CPU.Build.0 = Release|Any CPU
	EndGlobalSection
	GlobalSection(SolutionProperties) = preSolution
		HideSolutionNode = FALSE
	EndGlobalSection
	GlobalSection(ExtensibilityGlobals) = postSolution
		SolutionGuid = {559215AE-4485-44CE-B1B9-2FE84EAA2D7E}
	EndGlobalSection
EndGlobal
